
Microsoft Visual Studio Solution File, Format Version 12.00
# Visual Studio Version 17
VisualStudioVersion = 17.6.33801.468
MinimumVisualStudioVersion = 10.0.40219.1
Project("{FAE04EC0-301F-11D3-BF4B-00C04F79EFBC}") = "H1", "H1\H1.csproj", "{BCC854D0-FBB9-4516-B8E2-B0CDBCB9A0BB}"
EndProject
Global
	GlobalSection(SolutionConfigurationPlatforms) = preSolution
		Debug|Any CPU = Debug|Any CPU
		Release|Any CPU = Release|Any CPU
	EndGlobalSection
	GlobalSection(ProjectConfigurationPlatforms) = postSolution
		{BCC854D0-FBB9-4516-B8E2-B0CDBCB9A0BB}.Debug|Any CPU.ActiveCfg = Debug|Any CPU
		{BCC854D0-FBB9-4516-B8E2-B0CDBCB9A0BB}.Debug|Any CPU.Build.0 = Debug|Any CPU
		{BCC854D0-FBB9-4516-B8E2-B0CDBCB9A0BB}.Release|Any CPU.ActiveCfg = Release|Any CPU
		{BCC854D0-FBB9-4516-B8E2-B0CDBCB9A0BB}.Release|Any CPU.Build.0 = Release|Any CPU
	EndGlobalSection
	GlobalSection(SolutionProperties) = preSolution
		HideSolutionNode = FALSE
	EndGlobalSection
	GlobalSection(ExtensibilityGlobals) = postSolution
		SolutionGuid = {E50C79DB-6D1A-4AEC-87AA-187075DFA781}
	EndGlobalSection
EndGlobal
